
Microsoft Visual Studio Solution File, Format Version 12.00
# Visual Studio Version 17
VisualStudioVersion = 17.14.36121.58 d17.14
MinimumVisualStudioVersion = 10.0.40219.1
Project("{FAE04EC0-301F-11D3-BF4B-00C04F79EFBC}") = "TiendaRopa_WEB", "TiendaRopa_WEB.csproj", "{616C73E0-408D-4954-9333-86CF6C331A56}"
EndProject
Global
	GlobalSection(SolutionConfigurationPlatforms) = preSolution
		Debug|Any CPU = Debug|Any CPU
		Release|Any CPU = Release|Any CPU
	EndGlobalSection
	GlobalSection(ProjectConfigurationPlatforms) = postSolution
		{616C73E0-408D-4954-9333-86CF6C331A56}.Debug|Any CPU.ActiveCfg = Debug|Any CPU
		{616C73E0-408D-4954-9333-86CF6C331A56}.Debug|Any CPU.Build.0 = Debug|Any CPU
		{616C73E0-408D-4954-9333-86CF6C331A56}.Release|Any CPU.ActiveCfg = Release|Any CPU
		{616C73E0-408D-4954-9333-86CF6C331A56}.Release|Any CPU.Build.0 = Release|Any CPU
	EndGlobalSection
	GlobalSection(SolutionProperties) = preSolution
		HideSolutionNode = FALSE
	EndGlobalSection
	GlobalSection(ExtensibilityGlobals) = postSolution
		SolutionGuid = {07FC8351-A263-4C18-8E65-61A244A124E8}
	EndGlobalSection
EndGlobal
